[[package]]
name = "typing-extensions"
version = "4.3.0"
description = "Backported and Experimental Type Hints for Python 3.7+"
category = "dev"
optional = false
python-versions = ">=3.7"

[metadata]
lock-version = "1.1"
python-versions = "^3.7"
content-hash = "1dc9c5e91c2c0ddb12c65f9be7e3c5f79e8be16589888a16ac49309cd0e9959a"

[metadata.files]
typing-extensions = []
